
Microsoft Visual Studio Solution File, Format Version 12.00
# Visual Studio Version 16
VisualStudioVersion = 16.0.29319.158
MinimumVisualStudioVersion = 10.0.40219.1
Project("{FAE04EC0-301F-11D3-BF4B-00C04F79EFBC}") = "MvcLocalization", "MvcLocalization\MvcLocalization.csproj", "{75A149EB-651C-4BD9-AD5C-132F8E5F51FD}"
EndProject
Global
	GlobalSection(SolutionConfigurationPlatforms) = preSolution
		Debug|Any CPU = Debug|Any CPU
		Release|Any CPU = Release|Any CPU
	EndGlobalSection
	GlobalSection(ProjectConfigurationPlatforms) = postSolution
		{75A149EB-651C-4BD9-AD5C-132F8E5F51FD}.Debug|Any CPU.ActiveCfg = Debug|Any CPU
		{75A149EB-651C-4BD9-AD5C-132F8E5F51FD}.Debug|Any CPU.Build.0 = Debug|Any CPU
		{75A149EB-651C-4BD9-AD5C-132F8E5F51FD}.Release|Any CPU.ActiveCfg = Release|Any CPU
		{75A149EB-651C-4BD9-AD5C-132F8E5F51FD}.Release|Any CPU.Build.0 = Release|Any CPU
	EndGlobalSection
	GlobalSection(SolutionProperties) = preSolution
		HideSolutionNode = FALSE
	EndGlobalSection
	GlobalSection(ExtensibilityGlobals) = postSolution
		SolutionGuid = {49F1A4A8-2FC0-435C-ABBC-84DD2803D5B9}
	EndGlobalSection
EndGlobal
